# This file is automatically @generated by Poetry and should not be changed by hand.

[[package]]
name = "absl-py"
version = "1.4.0"
description = "Abseil Python Common Libraries, see https://github.com/abseil/abseil-py."
category = "main"
optional = false
python-versions = ">=3.6"
files = [
    {file = "absl-py-1.4.0.tar.gz", hash = "sha256:d2c244d01048ba476e7c080bd2c6df5e141d211de80223460d5b3b8a2a58433d"},
    {file = "absl_py-1.4.0-py3-none-any.whl", hash = "sha256:0d3fe606adfa4f7db64792dd4c7aee4ee0c38ab75dfd353b7a83ed3e957fcb47"},
]

[[package]]
name = "astunparse"
version = "1.6.3"
description = "An AST unparser for Python"
category = "main"
optional = false
python-versions = "*"
files = [
    {file = "astunparse-1.6.3-py2.py3-none-any.whl", hash = "sha256:c2652417f2c8b5bb325c885ae329bdf3f86424075c4fd1a128674bc6fba4b8e8"},
    {file = "astunparse-1.6.3.tar.gz", hash = "sha256:5ad93a8456f0d084c3456d059fd9a92cce667963232cbf763eac3bc5b7940872"},
]

[package.dependencies]
six = ">=1.6.1,<2.0"
wheel = ">=0.23.0,<1.0"

[[package]]
name = "cachetools"
version = "4.2.4"
description = "Extensible memoizing collections and decorators"
category = "main"
optional = false
python-versions = "~=3.5"
files = [
    {file = "cachetools-4.2.4-py3-none-any.whl", hash = "sha256:92971d3cb7d2a97efff7c7bb1657f21a8f5fb309a37530537c71b1774189f2d1"},
    {file = "cachetools-4.2.4.tar.gz", hash = "sha256:89ea6f1b638d5a73a4f9226be57ac5e4f399d22770b92355f92dcb0f7f001693"},
]

[[package]]
name = "certifi"
version = "2021.10.8"
description = "Python package for providing Mozilla's CA Bundle."
category = "main"
optional = false
python-versions = "*"
files = [
    {file = "certifi-2021.10.8-py2.py3-none-any.whl", hash = "sha256:d62a0163eb4c2344ac042ab2bdf75399a71a2d8c7d47eac2e2ee91b9d6339569"},
    {file = "certifi-2021.10.8.tar.gz", hash = "sha256:78884e7c1d4b00ce3cea67b44566851c4343c120abd683433ce934a68ea58872"},
]

[[package]]
name = "charset-normalizer"
version = "2.0.7"
description = "The Real First Universal Charset Detector. Open, modern and actively maintained alternative to Chardet."
category = "main"
optional = false
python-versions = ">=3.5.0"
files = [
    {file = "charset-normalizer-2.0.7.tar.gz", hash = "sha256:e019de665e2bcf9c2b64e2e5aa025fa991da8720daa3c1138cadd2fd1856aed0"},
    {file = "charset_normalizer-2.0.7-py3-none-any.whl", hash = "sha256:f7af805c321bfa1ce6714c51f254e0d5bb5e5834039bc17db7ebe3a4cec9492b"},
]

[package.extras]
unicode-backport = ["unicodedata2"]

[[package]]
name = "flatbuffers"
version = "23.3.3"
description = "The FlatBuffers serialization format for Python"
category = "main"
optional = false
python-versions = "*"
files = [
    {file = "flatbuffers-23.3.3-py2.py3-none-any.whl", hash = "sha256:5ad36d376240090757e8f0a2cfaf6abcc81c6536c0dc988060375fd0899121f8"},
    {file = "flatbuffers-23.3.3.tar.gz", hash = "sha256:cabd87c4882f37840f6081f094b2c5bc28cefc2a6357732746936d055ab45c3d"},
]

[[package]]
name = "gast"
version = "0.4.0"
description = "Python AST that abstracts the underlying Python version"
category = "main"
optional = false
python-versions = ">=2.7, !=3.0.*, !=3.1.*, !=3.2.*, !=3.3.*"
files = [
    {file = "gast-0.4.0-py3-none-any.whl", hash = "sha256:b7adcdd5adbebf1adf17378da5ba3f543684dbec47b1cda1f3997e573cd542c4"},
    {file = "gast-0.4.0.tar.gz", hash = "sha256:40feb7b8b8434785585ab224d1568b857edb18297e5a3047f1ba012bc83b42c1"},
]

[[package]]
name = "google-auth"
version = "1.35.0"
description = "Google Authentication Library"
category = "main"
optional = false
python-versions = ">=2.7,!=3.0.*,!=3.1.*,!=3.2.*,!=3.3.*,!=3.4.*,!=3.5.*"
files = [
    {file = "google-auth-1.35.0.tar.gz", hash = "sha256:b7033be9028c188ee30200b204ea00ed82ea1162e8ac1df4aa6ded19a191d88e"},
    {file = "google_auth-1.35.0-py2.py3-none-any.whl", hash = "sha256:997516b42ecb5b63e8d80f5632c1a61dddf41d2a4c2748057837e06e00014258"},
]

[package.dependencies]
cachetools = ">=2.0.0,<5.0"
pyasn1-modules = ">=0.2.1"
rsa = {version = ">=3.1.4,<5", markers = "python_version >= \"3.6\""}
setuptools = ">=40.3.0"
six = ">=1.9.0"

[package.extras]
aiohttp = ["aiohttp (>=3.6.2,<4.0.0dev)", "requests (>=2.20.0,<3.0.0dev)"]
pyopenssl = ["pyopenssl (>=20.0.0)"]
reauth = ["pyu2f (>=0.1.5)"]

[[package]]
name = "google-auth-oauthlib"
version = "0.4.6"
description = "Google Authentication Library"
category = "main"
optional = false
python-versions = ">=3.6"
files = [
    {file = "google-auth-oauthlib-0.4.6.tar.gz", hash = "sha256:a90a072f6993f2c327067bf65270046384cda5a8ecb20b94ea9a687f1f233a7a"},
    {file = "google_auth_oauthlib-0.4.6-py2.py3-none-any.whl", hash = "sha256:3f2a6e802eebbb6fb736a370fbf3b055edcb6b52878bf2f26330b5e041316c73"},
]

[package.dependencies]
google-auth = ">=1.0.0"
requests-oauthlib = ">=0.7.0"

[package.extras]
tool = ["click (>=6.0.0)"]

[[package]]
name = "google-pasta"
version = "0.2.0"
description = "pasta is an AST-based Python refactoring library"
category = "main"
optional = false
python-versions = "*"
files = [
    {file = "google-pasta-0.2.0.tar.gz", hash = "sha256:c9f2c8dfc8f96d0d5808299920721be30c9eec37f2389f28904f454565c8a16e"},
    {file = "google_pasta-0.2.0-py2-none-any.whl", hash = "sha256:4612951da876b1a10fe3960d7226f0c7682cf901e16ac06e473b267a5afa8954"},
    {file = "google_pasta-0.2.0-py3-none-any.whl", hash = "sha256:b32482794a366b5366a32c92a9a9201b107821889935a02b3e51f6b432ea84ed"},
]

[package.dependencies]
six = "*"

[[package]]
name = "grpcio"
version = "1.41.1"
description = "HTTP/2-based RPC framework"
category = "main"
optional = false
python-versions = "*"
files = [
    {file = "grpcio-1.41.1-cp310-cp310-linux_armv7l.whl", hash = "sha256:ead9885b53777bed4b0694ff0baea9d2c519ff774b17b177bde43d73e2b4aa38"},
    {file = "grpcio-1.41.1-cp310-cp310-macosx_10_10_universal2.whl", hash = "sha256:3b4b7c1ab18283eb64af5648d20eabef9237a2aec09e30a805f18adc9497258d"},
    {file = "grpcio-1.41.1-cp310-cp310-manylinux_2_17_aarch64.whl", hash = "sha256:f68aa98f5970eccb6c94456f3447a99916c42fbddae1971256bc4e7c40a6593b"},
    {file = "grpcio-1.41.1-cp310-cp310-manylinux_2_17_i686.manylinux2014_i686.whl", hash = "sha256:71d9ed5a732a54b9c87764609f2fd2bc4ae72fa85e271038eb132ea723222209"},
    {file = "grpcio-1.41.1-cp310-cp310-manylinux_2_17_x86_64.manylinux2014_x86_64.whl", hash = "sha256:0aa1af3e1480b6dd3092ee67c4b67b1ea88d638fcdc4d1a611ae11e311800b34"},
    {file = "grpcio-1.41.1-cp310-cp310-win32.whl", hash = "sha256:766f1b943abc3e27842b72fba6e28fb9f57c9b84029fd7e91146e4c37034d937"},
    {file = "grpcio-1.41.1-cp310-cp310-win_amd64.whl", hash = "sha256:3713e3918da6ae10812a64e75620a172f01af2ff0a1c99d6481c910e1d4a9053"},
    {file = "grpcio-1.41.1-cp36-cp36m-linux_armv7l.whl", hash = "sha256:3f0b70cf8632028714a8341b841b011a47900b1c163bf5fababb4ab3888c9b6c"},
    {file = "grpcio-1.41.1-cp36-cp36m-macosx_10_10_x86_64.whl", hash = "sha256:8824b36e6b0e45fefe0b4eac5ad460830e0cbc856a0c794f711289b4b8933d53"},
    {file = "grpcio-1.41.1-cp36-cp36m-manylinux2010_i686.whl", hash = "sha256:788154b32bf712e9711d001df024af5f7b2522117876c129bb27b9ad6e5461fb"},
    {file = "grpcio-1.41.1-cp36-cp36m-manylinux2010_x86_64.whl", hash = "sha256:c32c470e077b34a52e87e7de26644ad0f9e9ff89a785ff7e6466870869659e05"},
    {file = "grpcio-1.41.1-cp36-cp36m-manylinux_2_17_aarch64.whl", hash = "sha256:a3bb4302389b23f2006ecaaea5eb4a39cc80ea98d1964159e59c1c20ef39a483"},
    {file = "grpcio-1.41.1-cp36-cp36m-manylinux_2_17_i686.manylinux2014_i686.whl", hash = "sha256:e156ea12adb7a7ca8d8280c9df850c15510b790c785fc26c9a3fb928cd221fd4"},
    {file = "grpcio-1.41.1-cp36-cp36m-manylinux_2_17_x86_64.manylinux2014_x86_64.whl", hash = "sha256:2eb8180a6d9e47fc865a4e92a2678f3202145021ef2c1bccf165fa5744f6ec95"},
    {file = "grpcio-1.41.1-cp36-cp36m-win32.whl", hash = "sha256:888d8519709652dd39415de5f79abd50257201b345dd4f40151feffc3dad3232"},
    {file = "grpcio-1.41.1-cp36-cp36m-win_amd64.whl", hash = "sha256:734690b3f35468f8ed4003ec7622d2d47567f1881f5fcdca34f1e52551c2ef55"},
    {file = "grpcio-1.41.1-cp37-cp37m-linux_armv7l.whl", hash = "sha256:133fb9a3cf4519543e4e41eb18b5dac0da26941aeabca8122dbcf3decbad2d21"},
    {file = "grpcio-1.41.1-cp37-cp37m-macosx_10_10_x86_64.whl", hash = "sha256:a5ac91db3c588296366554b2d91116fc3a9f05bae516cafae07220e1f05bfef7"},
    {file = "grpcio-1.41.1-cp37-cp37m-manylinux2010_i686.whl", hash = "sha256:b8dd1b6456c6fb3681affe0f81dff4b3bc46f825fc05e086d64216545da9ad92"},
    {file = "grpcio-1.41.1-cp37-cp37m-manylinux2010_x86_64.whl", hash = "sha256:9e403d07d77ed4495ad3c18994191525b11274693e72e464241c9139e2f9cd7c"},
    {file = "grpcio-1.41.1-cp37-cp37m-manylinux_2_17_aarch64.whl", hash = "sha256:9d1be99f216b18f8a9dbdfbdbcc9a6caee504d0d27295fdbb5c8da35f5254a69"},
    {file = "grpcio-1.41.1-cp37-cp37m-manylinux_2_17_i686.manylinux2014_i686.whl", hash = "sha256:ebbe9582ef06559a2358827a588ab4b92a2639517de8fe428288772820ab03b5"},
    {file = "grpcio-1.41.1-cp37-cp37m-manylinux_2_17_x86_64.manylinux2014_x86_64.whl", hash = "sha256:fd570720871dc84d2adc8430ce287319c9238d1e2f70c140f9bc54c690fabd1b"},
    {file = "grpcio-1.41.1-cp37-cp37m-win32.whl", hash = "sha256:0c075616d5e86fb65fd4784d5a87d6e5a1882d277dce5c33d9b67cfc71d79899"},
    {file = "grpcio-1.41.1-cp37-cp37m-win_amd64.whl", hash = "sha256:9170b5d2082fc00c057c6ccd6b893033c1ade05717fcec1d63557c3bc7afdb1b"},
    {file = "grpcio-1.41.1-cp38-cp38-linux_armv7l.whl", hash = "sha256:61aa02f4505c5bbbaeba80fef1bd6871d1aef05a8778a707ab91303ee0865ad0"},
    {file = "grpcio-1.41.1-cp38-cp38-macosx_10_10_x86_64.whl", hash = "sha256:d1461672b2eaef9affb60a71014ebd2f789deea7c9acb1d4bd163de92dd8e044"},
    {file = "grpcio-1.41.1-cp38-cp38-manylinux2010_i686.whl", hash = "sha256:c35b847bc6bd3c3a118a13277d91a772e7dd163ce7dd2791239f9941b6eaafe3"},
    {file = "grpcio-1.41.1-cp38-cp38-manylinux2010_x86_64.whl", hash = "sha256:8487fb0649ebebc9c5dca1a6dc4eb7fddf701183426b3eefeb3584639d223d43"},
    {file = "grpcio-1.41.1-cp38-cp38-manylinux_2_17_aarch64.whl", hash = "sha256:6ca497ccecaa8727f14c4ccc9ffb70a19c6413fe1d4650500c90a7febd662860"},
    {file = "grpcio-1.41.1-cp38-cp38-manylinux_2_17_i686.manylinux2014_i686.whl", hash = "sha256:b1232c5efc8a9e4b7a13db235c51135412beb9e62e618a2a89dd0463edb3d929"},
    {file = "grpcio-1.41.1-cp38-cp38-manylinux_2_17_x86_64.manylinux2014_x86_64.whl", hash = "sha256:31a47af7356fb5ed3120636dd75c5efb571ecf15737484119e31286687f0e52a"},
    {file = "grpcio-1.41.1-cp38-cp38-win32.whl", hash = "sha256:7a22a7378ea59ad1e6f2e79f9da6862eb9e1f6586253aee784d419a49e3f4bd9"},
    {file = "grpcio-1.41.1-cp38-cp38-win_amd64.whl", hash = "sha256:32b7ca83f1a6929217098aaaac89fc49879ae714c95501d40df41a0e7506164c"},
    {file = "grpcio-1.41.1-cp39-cp39-linux_armv7l.whl", hash = "sha256:3213dfe3abfc3fda7f30e86aa5967dce0c2eb4cc90a0504f95434091bf6b219a"},
    {file = "grpcio-1.41.1-cp39-cp39-macosx_10_10_x86_64.whl", hash = "sha256:fd11995e3402af0f838844194707da8b3235f1719bcac961493f0138f1325893"},
    {file = "grpcio-1.41.1-cp39-cp39-manylinux2010_i686.whl", hash = "sha256:23a3f03e1d9ac429ff78d23d2ab07756d3728ee1a68b5f244d8435006608b6aa"},
    {file = "grpcio-1.41.1-cp39-cp39-manylinux2010_x86_64.whl", hash = "sha256:fc2eadfb5ec956c556c138fab0dfc1d2395c57ae0bfea047edae1976a26b250c"},
    {file = "grpcio-1.41.1-cp39-cp39-manylinux_2_17_aarch64.whl", hash = "sha256:2a34c8979de10b04a44d2cad07d41d83643e65e49f84a05b1adf150aeb41c95f"},
    {file = "grpcio-1.41.1-cp39-cp39-manylinux_2_17_i686.manylinux2014_i686.whl", hash = "sha256:72d0bdc3605dc8f4187b302e1180643963896e3f2917a52becb51afb54448e3e"},
    {file = "grpcio-1.41.1-cp39-cp39-manylinux_2_17_x86_64.manylinux2014_x86_64.whl", hash = "sha256:740f5b21a7108a8c08bf522434752dc1d306274d47ca8b4d51af5588a16b6113"},
    {file = "grpcio-1.41.1-cp39-cp39-win32.whl", hash = "sha256:2f2ee78a6ae88d668ceda56fa4a18d8a38b34c2f2e1332083dd1da1a92870703"},
    {file = "grpcio-1.41.1-cp39-cp39-win_amd64.whl", hash = "sha256:c3a446b6a1f8077cc03d0d496fc1cecdd3d0b66860c0c5b65cc92d0549117840"},
    {file = "grpcio-1.41.1.tar.gz", hash = "sha256:9b751271b029432a526a4970dc9b70d93eb6f0963b6a841b574f780b72651969"},
]

[package.dependencies]
six = ">=1.5.2"

[package.extras]
protobuf = ["grpcio-tools (>=1.41.1)"]

[[package]]
name = "h5py"
version = "3.1.0"
description = "Read and write HDF5 files from Python"
category = "main"
optional = false
python-versions = ">=3.6"
files = [
    {file = "h5py-3.1.0-cp36-cp36m-macosx_10_9_x86_64.whl", hash = "sha256:1cd367f89a5441236bdbb795e9fb9a9e3424929c00b4a54254ca760437f83d69"},
    {file = "h5py-3.1.0-cp36-cp36m-manylinux1_x86_64.whl", hash = "sha256:fea05349f63625a8fb808e57e42bb4c76930cf5d50ac58b678c52f913a48a89b"},
    {file = "h5py-3.1.0-cp36-cp36m-win_amd64.whl", hash = "sha256:2e37352ddfcf9d77a2a47f7c8f7e125c6d20cc06c2995edeb7be222d4e152636"},
    {file = "h5py-3.1.0-cp37-cp37m-macosx_10_9_x86_64.whl", hash = "sha256:e33f61d3eb862614c0f273a1f993a64dc2f093e1a3094932c50ada9d2db2170f"},
    {file = "h5py-3.1.0-cp37-cp37m-manylinux1_x86_64.whl", hash = "sha256:236ac8d943be30b617ab615c3d4a4bf4a438add2be87e54af3687ab721a18fac"},
    {file = "h5py-3.1.0-cp37-cp37m-win_amd64.whl", hash = "sha256:02c391fdb980762a1cc03a4bcaecd03dc463994a9a63a02264830114a96e111f"},
    {file = "h5py-3.1.0-cp38-cp38-macosx_10_9_x86_64.whl", hash = "sha256:f89a3dae38843ffa49d17a31a3509a8129e9b46ece602a0138e1ed79e685c361"},
    {file = "h5py-3.1.0-cp38-cp38-manylinux1_x86_64.whl", hash = "sha256:ba71f6229d2013fbb606476ecc29c6223fc16b244d35fcd8566ad9dbaf910857"},
    {file = "h5py-3.1.0-cp38-cp38-win_amd64.whl", hash = "sha256:dccb89358bc84abcd711363c3e138f9f4eccfdf866f2139a8e72308328765b2c"},
    {file = "h5py-3.1.0-cp39-cp39-macosx_10_9_x86_64.whl", hash = "sha256:cb74df83709d6d03d11e60b9480812f58da34f194beafa8c8314dbbeeedfe0a6"},
    {file = "h5py-3.1.0-cp39-cp39-manylinux1_x86_64.whl", hash = "sha256:80c623be10479e81b64fa713b7ed4c0bbe9f02e8e7d2a2e5382336087b615ce4"},
    {file = "h5py-3.1.0-cp39-cp39-win_amd64.whl", hash = "sha256:1cdfd1c5449ca1329d152f0b66830e93226ebce4f5e07dd8dc16bfc2b1a49d7b"},
    {file = "h5py-3.1.0.tar.gz", hash = "sha256:1e2516f190652beedcb8c7acfa1c6fa92d99b42331cbef5e5c7ec2d65b0fc3c2"},
]

[package.dependencies]
numpy = {version = ">=1.17.5", markers = "python_version == \"3.8\""}

[[package]]
name = "idna"
version = "3.3"
description = "Internationalized Domain Names in Applications (IDNA)"
category = "main"
optional = false
python-versions = ">=3.5"
files = [
    {file = "idna-3.3-py3-none-any.whl", hash = "sha256:84d9dd047ffa80596e0f246e2eab0b391788b0503584e8945f2368256d2735ff"},
    {file = "idna-3.3.tar.gz", hash = "sha256:9d643ff0a55b762d5cdb124b8eaa99c66322e2157b69160bc32796e824360e6d"},
]

[[package]]
name = "keras"
version = "2.11.0"
description = "Deep learning for humans."
category = "main"
optional = false
python-versions = ">=3.7"
files = [
    {file = "keras-2.11.0-py2.py3-none-any.whl", hash = "sha256:38c6fff0ea9a8b06a2717736565c92a73c8cd9b1c239e7125ccb188b7848f65e"},
]

[[package]]
name = "libclang"
version = "16.0.0"
description = "Clang Python Bindings, mirrored from the official LLVM repo: https://github.com/llvm/llvm-project/tree/main/clang/bindings/python, to make the installation process easier."
category = "main"
optional = false
python-versions = "*"
files = [
    {file = "libclang-16.0.0-py2.py3-none-macosx_10_9_x86_64.whl", hash = "sha256:65258a6bb3e7dc31dc9b26f8d42f53c9d3b959643ade291fcd1aef4855303ca6"},
    {file = "libclang-16.0.0-py2.py3-none-macosx_11_0_arm64.whl", hash = "sha256:af55a4aa86fdfe6b2ec68bc8cfe5fdac6c448d591ca7648be86ca17099b41ca8"},
    {file = "libclang-16.0.0-py2.py3-none-manylinux2010_x86_64.whl", hash = "sha256:a043138caaf2cb076ebb060c6281ec95612926645d425c691991fc9df00e8a24"},
    {file = "libclang-16.0.0-py2.py3-none-manylinux2014_aarch64.whl", hash = "sha256:eb59652cb0559c0e71784ff4c8ba24c14644becc907b1446563ecfaa622d523b"},
    {file = "libclang-16.0.0-py2.py3-none-manylinux2014_armv7l.whl", hash = "sha256:7b6686b67a0daa84b4c614bcc119578329fc4fbb52b919565b7376b507c4793b"},
    {file = "libclang-16.0.0-py2.py3-none-musllinux_1_2_x86_64.whl", hash = "sha256:2adce42ae652f312245b8f4eda6f30b4076fb61f7619f2dfd0a0c31dee4c32b9"},
    {file = "libclang-16.0.0-py2.py3-none-win_amd64.whl", hash = "sha256:ee20bf93e3dd330f71fc50cdbf13b92ced0aec8e540be64251db53502a9b33f7"},
    {file = "libclang-16.0.0-py2.py3-none-win_arm64.whl", hash = "sha256:bf4628fc4da7a1dd06a244f9b8e121c5ec68076a763c59d6b13cbb103acc935b"},
]

[[package]]
name = "markdown"
version = "3.3.4"
description = "Python implementation of Markdown."
category = "main"
optional = false
python-versions = ">=3.6"
files = [
    {file = "Markdown-3.3.4-py3-none-any.whl", hash = "sha256:96c3ba1261de2f7547b46a00ea8463832c921d3f9d6aba3f255a6f71386db20c"},
    {file = "Markdown-3.3.4.tar.gz", hash = "sha256:31b5b491868dcc87d6c24b7e3d19a0d730d59d3e46f4eea6430a321bed387a49"},
]

[package.extras]
testing = ["coverage", "pyyaml"]

[[package]]
name = "numpy"
version = "1.24.2"
description = "Fundamental package for array computing in Python"
category = "main"
optional = false
python-versions = ">=3.8"
files = [
    {file = "numpy-1.24.2-cp310-cp310-macosx_10_9_x86_64.whl", hash = "sha256:eef70b4fc1e872ebddc38cddacc87c19a3709c0e3e5d20bf3954c147b1dd941d"},
    {file = "numpy-1.24.2-cp310-cp310-macosx_11_0_arm64.whl", hash = "sha256:e8d2859428712785e8a8b7d2b3ef0a1d1565892367b32f915c4a4df44d0e64f5"},
    {file = "numpy-1.24.2-cp310-cp310-manylinux_2_17_aarch64.manylinux2014_aarch64.whl", hash = "sha256:6524630f71631be2dabe0c541e7675db82651eb998496bbe16bc4f77f0772253"},
    {file = "numpy-1.24.2-cp310-cp310-manylinux_2_17_x86_64.manylinux2014_x86_64.whl", hash = "sha256:a51725a815a6188c662fb66fb32077709a9ca38053f0274640293a14fdd22978"},
    {file = "numpy-1.24.2-cp310-cp310-win32.whl", hash = "sha256:2620e8592136e073bd12ee4536149380695fbe9ebeae845b81237f986479ffc9"},
    {file = "numpy-1.24.2-cp310-cp310-win_amd64.whl", hash = "sha256:97cf27e51fa078078c649a51d7ade3c92d9e709ba2bfb97493007103c741f1d0"},
    {file = "numpy-1.24.2-cp311-cp311-macosx_10_9_x86_64.whl", hash = "sha256:7de8fdde0003f4294655aa5d5f0a89c26b9f22c0a58790c38fae1ed392d44a5a"},
    {file = "numpy-1.24.2-cp311-cp311-macosx_11_0_arm64.whl", hash = "sha256:4173bde9fa2a005c2c6e2ea8ac1618e2ed2c1c6ec8a7657237854d42094123a0"},
    {file = "numpy-1.24.2-cp311-cp311-manylinux_2_17_aarch64.manylinux2014_aarch64.whl", hash = "sha256:4cecaed30dc14123020f77b03601559fff3e6cd0c048f8b5289f4eeabb0eb281"},
    {file = "numpy-1.24.2-cp311-cp311-manylinux_2_17_x86_64.manylinux2014_x86_64.whl", hash = "sha256:9a23f8440561a633204a67fb44617ce2a299beecf3295f0d13c495518908e910"},
    {file = "numpy-1.24.2-cp311-cp311-win32.whl", hash = "sha256:e428c4fbfa085f947b536706a2fc349245d7baa8334f0c5723c56a10595f9b95"},
    {file = "numpy-1.24.2-cp311-cp311-win_amd64.whl", hash = "sha256:557d42778a6869c2162deb40ad82612645e21d79e11c1dc62c6e82a2220ffb04"},
    {file = "numpy-1.24.2-cp38-cp38-macosx_10_9_x86_64.whl", hash = "sha256:d0a2db9d20117bf523dde15858398e7c0858aadca7c0f088ac0d6edd360e9ad2"},
    {file = "numpy-1.24.2-cp38-cp38-macosx_11_0_arm64.whl", hash = "sha256:c72a6b2f4af1adfe193f7beb91ddf708ff867a3f977ef2ec53c0ffb8283ab9f5"},
    {file = "numpy-1.24.2-cp38-cp38-manylinux_2_17_aarch64.manylinux2014_aarch64.whl", hash = "sha256:c29e6bd0ec49a44d7690ecb623a8eac5ab8a923bce0bea6293953992edf3a76a"},
    {file = "numpy-1.24.2-cp38-cp38-manylinux_2_17_x86_64.manylinux2014_x86_64.whl", hash = "sha256:2eabd64ddb96a1239791da78fa5f4e1693ae2dadc82a76bc76a14cbb2b966e96"},
    {file = "numpy-1.24.2-cp38-cp38-win32.whl", hash = "sha256:e3ab5d32784e843fc0dd3ab6dcafc67ef806e6b6828dc6af2f689be0eb4d781d"},
    {file = "numpy-1.24.2-cp38-cp38-win_amd64.whl", hash = "sha256:76807b4063f0002c8532cfeac47a3068a69561e9c8715efdad3c642eb27c0756"},
    {file = "numpy-1.24.2-cp39-cp39-macosx_10_9_x86_64.whl", hash = "sha256:4199e7cfc307a778f72d293372736223e39ec9ac096ff0a2e64853b866a8e18a"},
    {file = "numpy-1.24.2-cp39-cp39-macosx_11_0_arm64.whl", hash = "sha256:adbdce121896fd3a17a77ab0b0b5eedf05a9834a18699db6829a64e1dfccca7f"},
    {file = "numpy-1.24.2-cp39-cp39-manylinux_2_17_aarch64.manylinux2014_aarch64.whl", hash = "sha256:889b2cc88b837d86eda1b17008ebeb679d82875022200c6e8e4ce6cf549b7acb"},
    {file = "numpy-1.24.2-cp39-cp39-manylinux_2_17_x86_64.manylinux2014_x86_64.whl", hash = "sha256:f64bb98ac59b3ea3bf74b02f13836eb2e24e48e0ab0145bbda646295769bd780"},
    {file = "numpy-1.24.2-cp39-cp39-win32.whl", hash = "sha256:63e45511ee4d9d976637d11e6c9864eae50e12dc9598f531c035265991910468"},
    {file = "numpy-1.24.2-cp39-cp39-win_amd64.whl", hash = "sha256:a77d3e1163a7770164404607b7ba3967fb49b24782a6ef85d9b5f54126cc39e5"},
    {file = "numpy-1.24.2-pp38-pypy38_pp73-macosx_10_9_x86_64.whl", hash = "sha256:92011118955724465fb6853def593cf397b4a1367495e0b59a7e69d40c4eb71d"},
    {file = "numpy-1.24.2-pp38-pypy38_pp73-manylinux_2_17_x86_64.manylinux2014_x86_64.whl", hash = "sha256:f9006288bcf4895917d02583cf3411f98631275bc67cce355a7f39f8c14338fa"},
    {file = "numpy-1.24.2-pp38-pypy38_pp73-win_amd64.whl", hash = "sha256:150947adbdfeceec4e5926d956a06865c1c690f2fd902efede4ca6fe2e657c3f"},
    {file = "numpy-1.24.2.tar.gz", hash = "sha256:003a9f530e880cb2cd177cba1af7220b9aa42def9c4afc2a2fc3ee6be7eb2b22"},
]

[[package]]
name = "oauthlib"
version = "3.1.1"
description = "A generic, spec-compliant, thorough implementation of the OAuth request-signing logic"
category = "main"
optional = false
python-versions = ">=3.6"
files = [
    {file = "oauthlib-3.1.1-py2.py3-none-any.whl", hash = "sha256:42bf6354c2ed8c6acb54d971fce6f88193d97297e18602a3a886603f9d7730cc"},
    {file = "oauthlib-3.1.1.tar.gz", hash = "sha256:8f0215fcc533dd8dd1bee6f4c412d4f0cd7297307d43ac61666389e3bc3198a3"},
]

[package.extras]
rsa = ["cryptography (>=3.0.0,<4)"]
signals = ["blinker (>=1.4.0)"]
signedtoken = ["cryptography (>=3.0.0,<4)", "pyjwt (>=2.0.0,<3)"]

[[package]]
name = "opt-einsum"
version = "3.3.0"
description = "Optimizing numpys einsum function"
category = "main"
optional = false
python-versions = ">=3.5"
files = [
    {file = "opt_einsum-3.3.0-py3-none-any.whl", hash = "sha256:2455e59e3947d3c275477df7f5205b30635e266fe6dc300e3d9f9646bfcea147"},
    {file = "opt_einsum-3.3.0.tar.gz", hash = "sha256:59f6475f77bbc37dcf7cd748519c0ec60722e91e63ca114e68821c0c54a46549"},
]

[package.dependencies]
numpy = ">=1.7"

[package.extras]
docs = ["numpydoc", "sphinx (==1.2.3)", "sphinx-rtd-theme", "sphinxcontrib-napoleon"]
tests = ["pytest", "pytest-cov", "pytest-pep8"]

[[package]]
name = "packaging"
version = "23.1"
description = "Core utilities for Python packages"
category = "main"
optional = false
python-versions = ">=3.7"
files = [
    {file = "packaging-23.1-py3-none-any.whl", hash = "sha256:994793af429502c4ea2ebf6bf664629d07c1a9fe974af92966e4b8d2df7edc61"},
    {file = "packaging-23.1.tar.gz", hash = "sha256:a392980d2b6cffa644431898be54b0045151319d1e7ec34f0cfed48767dd334f"},
]

[[package]]
name = "protobuf"
version = "3.19.1"
description = "Protocol Buffers"
category = "main"
optional = false
python-versions = ">=3.5"
files = [
    {file = "protobuf-3.19.1-cp310-cp310-macosx_10_9_universal2.whl", hash = "sha256:d80f80eb175bf5f1169139c2e0c5ada98b1c098e2b3c3736667f28cbbea39fc8"},
    {file = "protobuf-3.19.1-cp310-cp310-manylinux2014_aarch64.whl", hash = "sha256:a529e7df52204565bcd33738a7a5f288f3d2d37d86caa5d78c458fa5fabbd54d"},
    {file = "protobuf-3.19.1-cp310-cp310-manylinux_2_17_x86_64.manylinux2014_x86_64.whl", hash = "sha256:28ccea56d4dc38d35cd70c43c2da2f40ac0be0a355ef882242e8586c6d66666f"},
    {file = "protobuf-3.19.1-cp36-cp36m-macosx_10_9_x86_64.whl", hash = "sha256:8b30a7de128c46b5ecb343917d9fa737612a6e8280f440874e5cc2ba0d79b8f6"},
    {file = "protobuf-3.19.1-cp36-cp36m-manylinux_2_17_x86_64.manylinux2014_x86_64.whl", hash = "sha256:5935c8ce02e3d89c7900140a8a42b35bc037ec07a6aeb61cc108be8d3c9438a6"},
    {file = "protobuf-3.19.1-cp36-cp36m-win32.whl", hash = "sha256:74f33edeb4f3b7ed13d567881da8e5a92a72b36495d57d696c2ea1ae0cfee80c"},
    {file = "protobuf-3.19.1-cp36-cp36m-win_amd64.whl", hash = "sha256:038daf4fa38a7e818dd61f51f22588d61755160a98db087a046f80d66b855942"},
    {file = "protobuf-3.19.1-cp37-cp37m-macosx_10_9_x86_64.whl", hash = "sha256:8e51561d72efd5bd5c91490af1f13e32bcba8dab4643761eb7de3ce18e64a853"},
    {file = "protobuf-3.19.1-cp37-cp37m-manylinux2014_aarch64.whl", hash = "sha256:6e8ea9173403219239cdfd8d946ed101f2ab6ecc025b0fda0c6c713c35c9981d"},
    {file = "protobuf-3.19.1-cp37-cp37m-manylinux_2_17_x86_64.manylinux2014_x86_64.whl", hash = "sha256:db3532d9f7a6ebbe2392041350437953b6d7a792de10e629c1e4f5a6b1fe1ac6"},
    {file = "protobuf-3.19.1-cp37-cp37m-win32.whl", hash = "sha256:615b426a177780ce381ecd212edc1e0f70db8557ed72560b82096bd36b01bc04"},
    {file = "protobuf-3.19.1-cp37-cp37m-win_amd64.whl", hash = "sha256:d8919368410110633717c406ab5c97e8df5ce93020cfcf3012834f28b1fab1ea"},
    {file = "protobuf-3.19.1-cp38-cp38-macosx_10_9_x86_64.whl", hash = "sha256:71b0250b0cfb738442d60cab68abc166de43411f2a4f791d31378590bfb71bd7"},
    {file = "protobuf-3.19.1-cp38-cp38-manylinux2014_aarch64.whl", hash = "sha256:3cd0458870ea7d1c58e948ac8078f6ba8a7ecc44a57e03032ed066c5bb318089"},
    {file = "protobuf-3.19.1-cp38-cp38-manylinux_2_17_x86_64.manylinux2014_x86_64.whl", hash = "sha256:655264ed0d0efe47a523e2255fc1106a22f6faab7cc46cfe99b5bae085c2a13e"},
    {file = "protobuf-3.19.1-cp38-cp38-win32.whl", hash = "sha256:b691d996c6d0984947c4cf8b7ae2fe372d99b32821d0584f0b90277aa36982d3"},
    {file = "protobuf-3.19.1-cp38-cp38-win_amd64.whl", hash = "sha256:e7e8d2c20921f8da0dea277dfefc6abac05903ceac8e72839b2da519db69206b"},
    {file = "protobuf-3.19.1-cp39-cp39-macosx_10_9_x86_64.whl", hash = "sha256:fd390367fc211cc0ffcf3a9e149dfeca78fecc62adb911371db0cec5c8b7472d"},
    {file = "protobuf-3.19.1-cp39-cp39-manylinux2014_aarch64.whl", hash = "sha256:d83e1ef8cb74009bebee3e61cc84b1c9cd04935b72bca0cbc83217d140424995"},
    {file = "protobuf-3.19.1-cp39-cp39-manylinux_2_17_x86_64.manylinux2014_x86_64.whl", hash = "sha256:36d90676d6f426718463fe382ec6274909337ca6319d375eebd2044e6c6ac560"},
    {file = "protobuf-3.19.1-cp39-cp39-win32.whl", hash = "sha256:e7b24c11df36ee8e0c085e5b0dc560289e4b58804746fb487287dda51410f1e2"},
    {file = "protobuf-3.19.1-cp39-cp39-win_amd64.whl", hash = "sha256:77d2fadcf369b3f22859ab25bd12bb8e98fb11e05d9ff9b7cd45b711c719c002"},
    {file = "protobuf-3.19.1-py2.py3-none-any.whl", hash = "sha256:e813b1c9006b6399308e917ac5d298f345d95bb31f46f02b60cd92970a9afa17"},
    {file = "protobuf-3.19.1.tar.gz", hash = "sha256:62a8e4baa9cb9e064eb62d1002eca820857ab2138440cb4b3ea4243830f94ca7"},
]

[[package]]
name = "pyasn1"
version = "0.4.8"
description = "ASN.1 types and codecs"
category = "main"
optional = false
python-versions = "*"
files = [
    {file = "pyasn1-0.4.8-py2.py3-none-any.whl", hash = "sha256:39c7e2ec30515947ff4e87fb6f456dfc6e84857d34be479c9d4a4ba4bf46aa5d"},
    {file = "pyasn1-0.4.8.tar.gz", hash = "sha256:aef77c9fb94a3ac588e87841208bdec464471d9871bd5050a287cc9a475cd0ba"},
]

[[package]]
name = "pyasn1-modules"
version = "0.2.8"
description = "A collection of ASN.1-based protocols modules."
category = "main"
optional = false
python-versions = "*"
files = [
    {file = "pyasn1-modules-0.2.8.tar.gz", hash = "sha256:905f84c712230b2c592c19470d3ca8d552de726050d1d1716282a1f6146be65e"},
    {file = "pyasn1_modules-0.2.8-py2.py3-none-any.whl", hash = "sha256:a50b808ffeb97cb3601dd25981f6b016cbb3d31fbf57a8b8a87428e6158d0c74"},
]

[package.dependencies]
pyasn1 = ">=0.4.6,<0.5.0"

[[package]]
name = "requests"
version = "2.26.0"
description = "Python HTTP for Humans."
category = "main"
optional = false
python-versions = ">=2.7, !=3.0.*, !=3.1.*, !=3.2.*, !=3.3.*, !=3.4.*, !=3.5.*"
files = [
    {file = "requests-2.26.0-py2.py3-none-any.whl", hash = "sha256:6c1246513ecd5ecd4528a0906f910e8f0f9c6b8ec72030dc9fd154dc1a6efd24"},
    {file = "requests-2.26.0.tar.gz", hash = "sha256:b8aa58f8cf793ffd8782d3d8cb19e66ef36f7aba4353eec859e74678b01b07a7"},
]

[package.dependencies]
certifi = ">=2017.4.17"
charset-normalizer = {version = ">=2.0.0,<2.1.0", markers = "python_version >= \"3\""}
idna = {version = ">=2.5,<4", markers = "python_version >= \"3\""}
urllib3 = ">=1.21.1,<1.27"

[package.extras]
socks = ["PySocks (>=1.5.6,!=1.5.7)", "win-inet-pton"]
use-chardet-on-py3 = ["chardet (>=3.0.2,<5)"]

[[package]]
name = "requests-oauthlib"
version = "1.3.0"
description = "OAuthlib authentication support for Requests."
category = "main"
optional = false
python-versions = ">=2.7, !=3.0.*, !=3.1.*, !=3.2.*, !=3.3.*"
files = [
    {file = "requests-oauthlib-1.3.0.tar.gz", hash = "sha256:b4261601a71fd721a8bd6d7aa1cc1d6a8a93b4a9f5e96626f8e4d91e8beeaa6a"},
    {file = "requests_oauthlib-1.3.0-py2.py3-none-any.whl", hash = "sha256:7f71572defaecd16372f9006f33c2ec8c077c3cfa6f5911a9a90202beb513f3d"},
]

[package.dependencies]
oauthlib = ">=3.0.0"
requests = ">=2.0.0"

[package.extras]
rsa = ["oauthlib[signedtoken] (>=3.0.0)"]

[[package]]
name = "rsa"
version = "4.7.2"
description = "Pure-Python RSA implementation"
category = "main"
optional = false
python-versions = ">=3.5, <4"
files = [
    {file = "rsa-4.7.2-py3-none-any.whl", hash = "sha256:78f9a9bf4e7be0c5ded4583326e7461e3a3c5aae24073648b4bdfa797d78c9d2"},
    {file = "rsa-4.7.2.tar.gz", hash = "sha256:9d689e6ca1b3038bc82bf8d23e944b6b6037bc02301a574935b2dd946e0353b9"},
]

[package.dependencies]
pyasn1 = ">=0.1.3"

[[package]]
name = "setuptools"
version = "67.6.1"
description = "Easily download, build, install, upgrade, and uninstall Python packages"
category = "main"
optional = false
python-versions = ">=3.7"
files = [
    {file = "setuptools-67.6.1-py3-none-any.whl", hash = "sha256:e728ca814a823bf7bf60162daf9db95b93d532948c4c0bea762ce62f60189078"},
    {file = "setuptools-67.6.1.tar.gz", hash = "sha256:257de92a9d50a60b8e22abfcbb771571fde0dbf3ec234463212027a4eeecbe9a"},
]

[package.extras]
docs = ["furo", "jaraco.packaging (>=9)", "jaraco.tidelift (>=1.4)", "pygments-github-lexers (==0.0.5)", "rst.linker (>=1.9)", "sphinx (>=3.5)", "sphinx-favicon", "sphinx-hoverxref (<2)", "sphinx-inline-tabs", "sphinx-lint", "sphinx-notfound-page (==0.8.3)", "sphinx-reredirects", "sphinxcontrib-towncrier"]
testing = ["build[virtualenv]", "filelock (>=3.4.0)", "flake8 (<5)", "flake8-2020", "ini2toml[lite] (>=0.9)", "jaraco.envs (>=2.2)", "jaraco.path (>=3.2.0)", "pip (>=19.1)", "pip-run (>=8.8)", "pytest (>=6)", "pytest-black (>=0.3.7)", "pytest-checkdocs (>=2.4)", "pytest-cov", "pytest-enabler (>=1.3)", "pytest-flake8", "pytest-mypy (>=0.9.1)", "pytest-perf", "pytest-timeout", "pytest-xdist", "tomli-w (>=1.0.0)", "virtualenv (>=13.0.0)", "wheel"]
testing-integration = ["build[virtualenv]", "filelock (>=3.4.0)", "jaraco.envs (>=2.2)", "jaraco.path (>=3.2.0)", "pytest", "pytest-enabler", "pytest-xdist", "tomli", "virtualenv (>=13.0.0)", "wheel"]

[[package]]
name = "six"
version = "1.15.0"
description = "Python 2 and 3 compatibility utilities"
category = "main"
optional = false
python-versions = ">=2.7, !=3.0.*, !=3.1.*, !=3.2.*"
files = [
    {file = "six-1.15.0-py2.py3-none-any.whl", hash = "sha256:8b74bedcbbbaca38ff6d7491d76f2b06b3592611af620f8426e82dddb04a5ced"},
    {file = "six-1.15.0.tar.gz", hash = "sha256:30639c035cdb23534cd4aa2dd52c3bf48f06e5f4a941509c8bafd8ce11080259"},
]

[[package]]
name = "tensorboard"
version = "2.11.2"
description = "TensorBoard lets you watch Tensors Flow"
category = "main"
optional = false
python-versions = ">=3.7"
files = [
    {file = "tensorboard-2.11.2-py3-none-any.whl", hash = "sha256:cbaa2210c375f3af1509f8571360a19ccc3ded1d9641533414874b5deca47e89"},
]

[package.dependencies]
absl-py = ">=0.4"
google-auth = ">=1.6.3,<3"
google-auth-oauthlib = ">=0.4.1,<0.5"
grpcio = ">=1.24.3"
markdown = ">=2.6.8"
numpy = ">=1.12.0"
protobuf = ">=3.9.2,<4"
requests = ">=2.21.0,<3"
setuptools = ">=41.0.0"
tensorboard-data-server = ">=0.6.0,<0.7.0"
tensorboard-plugin-wit = ">=1.6.0"
werkzeug = ">=1.0.1"
wheel = ">=0.26"

[[package]]
name = "tensorboard-data-server"
version = "0.6.1"
description = "Fast data loading for TensorBoard"
category = "main"
optional = false
python-versions = ">=3.6"
files = [
    {file = "tensorboard_data_server-0.6.1-py3-none-any.whl", hash = "sha256:809fe9887682d35c1f7d1f54f0f40f98bb1f771b14265b453ca051e2ce58fca7"},
    {file = "tensorboard_data_server-0.6.1-py3-none-macosx_10_9_x86_64.whl", hash = "sha256:fa8cef9be4fcae2f2363c88176638baf2da19c5ec90addb49b1cde05c95c88ee"},
    {file = "tensorboard_data_server-0.6.1-py3-none-manylinux2010_x86_64.whl", hash = "sha256:d8237580755e58eff68d1f3abefb5b1e39ae5c8b127cc40920f9c4fb33f4b98a"},
]

[[package]]
name = "tensorboard-plugin-wit"
version = "1.8.0"
description = "What-If Tool TensorBoard plugin."
category = "main"
optional = false
python-versions = "*"
files = [
    {file = "tensorboard_plugin_wit-1.8.0-py3-none-any.whl", hash = "sha256:2a80d1c551d741e99b2f197bb915d8a133e24adb8da1732b840041860f91183a"},
]

[[package]]
name = "tensorflow"
version = "2.11.1"
description = "TensorFlow is an open source machine learning framework for everyone."
category = "main"
optional = false
python-versions = ">=3.7"
files = [
    {file = "tensorflow-2.11.1-cp310-cp310-macosx_10_14_x86_64.whl", hash = "sha256:ac0e46c5de7985def49e4f688a0ca4180949a4d5dc62b89e9c6640db3c3982ba"},
    {file = "tensorflow-2.11.1-cp310-cp310-manylinux_2_17_aarch64.manylinux2014_aarch64.whl", hash = "sha256:45b1669c523fa6dc240688bffe79f08dfbb76bf5e23a7fe10e722ba658637a44"},
    {file = "tensorflow-2.11.1-cp310-cp310-manylinux_2_17_x86_64.manylinux2014_x86_64.whl", hash = "sha256:9a96595e0c068d54717405fa12f36b4a5bb0a9fc53fb9065155a92cff944b35b"},
    {file = "tensorflow-2.11.1-cp310-cp310-win_amd64.whl", hash = "sha256:13197f18f31a52d3f2eac28743d1b06abb8efd86017f184110a1b16841b745b1"},
    {file = "tensorflow-2.11.1-cp38-cp38-macosx_10_14_x86_64.whl", hash = "sha256:9f030f1bc9e7763fa03ec5738323c42021ababcd562fe861b3a3f41e9ff10e43"},
    {file = "tensorflow-2.11.1-cp38-cp38-manylinux_2_17_aarch64.manylinux2014_aarch64.whl", hash = "sha256:9f12855c1e8373c1327650061fd6a9a3d3772e1bac8241202ea8ccb56213d005"},
    {file = "tensorflow-2.11.1-cp38-cp38-manylinux_2_17_x86_64.manylinux2014_x86_64.whl", hash = "sha256:76cd4279cb500074a8ab28af116af7f060f0b015651bef552769d51e55d6fd5c"},
    {file = "tensorflow-2.11.1-cp38-cp38-win_amd64.whl", hash = "sha256:f5a2f75f28cd5fb615a5306f2091eac7da3a8fff949ab8804ec06b8e3682f837"},
    {file = "tensorflow-2.11.1-cp39-cp39-macosx_10_14_x86_64.whl", hash = "sha256:ea93246ad6c90ff0422f06a82164836fe8098989a8a65c3b02c720eadbe15dde"},
    {file = "tensorflow-2.11.1-cp39-cp39-manylinux_2_17_aarch64.manylinux2014_aarch64.whl", hash = "sha256:30ba6b3c2f68037e965a19427a1f2a5f0351b7ceae6c686938a8485b08e1e1f3"},
    {file = "tensorflow-2.11.1-cp39-cp39-manylinux_2_17_x86_64.manylinux2014_x86_64.whl", hash = "sha256:9ddd5c61f68d8125c985370de96a24a80aee5e3f1604efacec7e1c34ca72de24"},
    {file = "tensorflow-2.11.1-cp39-cp39-win_amd64.whl", hash = "sha256:b7d8834df3f72d7eab56bc2f34f2e52b82d705776b80b36bf5470b7538c9865c"},
]

[package.dependencies]
absl-py = ">=1.0.0"
astunparse = ">=1.6.0"
flatbuffers = ">=2.0"
gast = ">=0.2.1,<=0.4.0"
google-pasta = ">=0.1.1"
grpcio = ">=1.24.3,<2.0"
h5py = ">=2.9.0"
keras = ">=2.11.0,<2.12"
libclang = ">=13.0.0"
numpy = ">=1.20"
opt-einsum = ">=2.3.2"
packaging = "*"
protobuf = ">=3.9.2,<3.20"
setuptools = "*"
six = ">=1.12.0"
tensorboard = ">=2.11,<2.12"
tensorflow-estimator = ">=2.11.0,<2.12"
tensorflow-io-gcs-filesystem = {version = ">=0.23.1", markers = "platform_machine != \"arm64\" or platform_system != \"Darwin\""}
termcolor = ">=1.1.0"
typing-extensions = ">=3.6.6"
wrapt = ">=1.11.0"

[[package]]
name = "tensorflow-estimator"
version = "2.11.0"
description = "TensorFlow Estimator."
category = "main"
optional = false
python-versions = ">=3.7"
files = [
    {file = "tensorflow_estimator-2.11.0-py2.py3-none-any.whl", hash = "sha256:ea3b64acfff3d9a244f06178c9bdedcbdd3f125b67d0888dba8229498d06468b"},
]

[[package]]
name = "tensorflow-io-gcs-filesystem"
version = "0.32.0"
description = "TensorFlow IO"
category = "main"
optional = false
python-versions = ">=3.7, <3.12"
files = [
    {file = "tensorflow_io_gcs_filesystem-0.32.0-cp310-cp310-macosx_10_14_x86_64.whl", hash = "sha256:74a7e25e83d4117a7ebb09a3f247553a5497393ab48c3ee0cf0d17b405026817"},
    {file = "tensorflow_io_gcs_filesystem-0.32.0-cp310-cp310-manylinux_2_12_x86_64.manylinux2010_x86_64.whl", hash = "sha256:045d51bba586390d0545fcd8a18727d62b175eb142f6f4c6d719d39de40774cd"},
    {file = "tensorflow_io_gcs_filesystem-0.32.0-cp310-cp310-manylinux_2_17_aarch64.manylinux2014_aarch64.whl", hash = "sha256:db682e9a510c27dd35710ba5a2c62c371e25b727741b2fe3a920355fa501e947"},
    {file = "tensorflow_io_gcs_filesystem-0.32.0-cp311-cp311-macosx_10_14_x86_64.whl", hash = "sha256:7f15fd22e592661b10de317be2f42a0f84be7bfc5e6a565fcfcb04b60d625b78"},
    {file = "tensorflow_io_gcs_filesystem-0.32.0-cp311-cp311-manylinux_2_12_x86_64.manylinux2010_x86_64.whl", hash = "sha256:336d9b3fe6b55aea149c4f6aa1fd6ffaf27d4e5c37e55a182340b47caba38846"},
    {file = "tensorflow_io_gcs_filesystem-0.32.0-cp311-cp311-manylinux_2_17_aarch64.manylinux2014_aarch64.whl", hash = "sha256:842f5f09cd756bdb3b4d0b5571b3a6f72fd534d42da938b9acf0ef462995eada"},
    {file = "tensorflow_io_gcs_filesystem-0.32.0-cp37-cp37m-macosx_10_14_x86_64.whl", hash = "sha256:1ce80e1555d6ee88dda67feddf366cc8b30252b5837a7a17303df7b06a71fc2e"},
    {file = "tensorflow_io_gcs_filesystem-0.32.0-cp37-cp37m-manylinux_2_12_x86_64.manylinux2010_x86_64.whl", hash = "sha256:05e65d3cb6c93a7929b384d86c6369c63cbbab8a770440a3d95e094878403f9f"},
    {file = "tensorflow_io_gcs_filesystem-0.32.0-cp38-cp38-macosx_10_14_x86_64.whl", hash = "sha256:21de7dcc06eb1e7de3c022b0072d90ba35ef886578149663437aa7a6fb5bf6b3"},
    {file = "tensorflow_io_gcs_filesystem-0.32.0-cp38-cp38-manylinux_2_12_x86_64.manylinux2010_x86_64.whl", hash = "sha256:79fdd02103b8ae9f8b89af41f744c013fa1caaea709de19833917795e3063857"},
    {file = "tensorflow_io_gcs_filesystem-0.32.0-cp38-cp38-manylinux_2_17_aarch64.manylinux2014_aarch64.whl", hash = "sha256:5635df0bbe40f971dc1b946e3372744b0bdfda45c38ffcd28ef53a32bb8da4da"},
    {file = "tensorflow_io_gcs_filesystem-0.32.0-cp39-cp39-macosx_10_14_x86_64.whl", hash = "sha256:122be149e5f6a030f5c2901be0cc3cb07619232f7b03889e2cdf3da1c0d4f92f"},
    {file = "tensorflow_io_gcs_filesystem-0.32.0-cp39-cp39-manylinux_2_12_x86_64.manylinux2010_x86_64.whl", hash = "sha256:8214cdf85bea694160f9035ff395221c1e25e119784ccb4c104919b1f5dec84e"},
    {file = "tensorflow_io_gcs_filesystem-0.32.0-cp39-cp39-manylinux_2_17_aarch64.manylinux2014_aarch64.whl", hash = "sha256:28202492d904a6e280cf27560791e87ac1c7566000db82065d63a70c27008af2"},
]

[package.extras]
tensorflow = ["tensorflow (>=2.12.0,<2.13.0)"]
tensorflow-aarch64 = ["tensorflow-aarch64 (>=2.12.0,<2.13.0)"]
tensorflow-cpu = ["tensorflow-cpu (>=2.12.0,<2.13.0)"]
tensorflow-gpu = ["tensorflow-gpu (>=2.12.0,<2.13.0)"]
tensorflow-rocm = ["tensorflow-rocm (>=2.12.0,<2.13.0)"]

[[package]]
name = "termcolor"
version = "1.1.0"
description = "ANSII Color formatting for output in terminal."
category = "main"
optional = false
python-versions = "*"
files = [
    {file = "termcolor-1.1.0.tar.gz", hash = "sha256:1d6d69ce66211143803fbc56652b41d73b4a400a2891d7bf7a1cdf4c02de613b"},
]

[[package]]
name = "typing-extensions"
version = "3.7.4.3"
description = "Backported and Experimental Type Hints for Python 3.5+"
category = "main"
optional = false
python-versions = "*"
files = [
    {file = "typing_extensions-3.7.4.3-py2-none-any.whl", hash = "sha256:dafc7639cde7f1b6e1acc0f457842a83e722ccca8eef5270af2d74792619a89f"},
    {file = "typing_extensions-3.7.4.3-py3-none-any.whl", hash = "sha256:7cb407020f00f7bfc3cb3e7881628838e69d8f3fcab2f64742a5e76b2f841918"},
    {file = "typing_extensions-3.7.4.3.tar.gz", hash = "sha256:99d4073b617d30288f569d3f13d2bd7548c3a7e4c8de87db09a9d29bb3a4a60c"},
]

[[package]]
name = "urllib3"
version = "1.26.7"
description = "HTTP library with thread-safe connection pooling, file post, and more."
category = "main"
optional = false
python-versions = ">=2.7, !=3.0.*, !=3.1.*, !=3.2.*, !=3.3.*, !=3.4.*, <4"
files = [
    {file = "urllib3-1.26.7-py2.py3-none-any.whl", hash = "sha256:c4fdf4019605b6e5423637e01bc9fe4daef873709a7973e195ceba0a62bbc844"},
    {file = "urllib3-1.26.7.tar.gz", hash = "sha256:4987c65554f7a2dbf30c18fd48778ef124af6fab771a377103da0585e2336ece"},
]

[package.extras]
brotli = ["brotlipy (>=0.6.0)"]
secure = ["certifi", "cryptography (>=1.3.4)", "idna (>=2.0.0)", "ipaddress", "pyOpenSSL (>=0.14)"]
socks = ["PySocks (>=1.5.6,!=1.5.7,<2.0)"]

[[package]]
name = "werkzeug"
version = "2.0.2"
description = "The comprehensive WSGI web application library."
category = "main"
optional = false
python-versions = ">=3.6"
files = [
    {file = "Werkzeug-2.0.2-py3-none-any.whl", hash = "sha256:63d3dc1cf60e7b7e35e97fa9861f7397283b75d765afcaefd993d6046899de8f"},
    {file = "Werkzeug-2.0.2.tar.gz", hash = "sha256:aa2bb6fc8dee8d6c504c0ac1e7f5f7dc5810a9903e793b6f715a9f015bdadb9a"},
]

[package.extras]
watchdog = ["watchdog"]

[[package]]
name = "wheel"
version = "0.40.0"
description = "A built-package format for Python"
category = "main"
optional = false
python-versions = ">=3.7"
files = [
    {file = "wheel-0.40.0-py3-none-any.whl", hash = "sha256:d236b20e7cb522daf2390fa84c55eea81c5c30190f90f29ae2ca1ad8355bf247"},
    {file = "wheel-0.40.0.tar.gz", hash = "sha256:cd1196f3faee2b31968d626e1731c94f99cbdb67cf5a46e4f5656cbee7738873"},
]

[package.extras]
test = ["pytest (>=6.0.0)"]

[[package]]
name = "wrapt"
version = "1.12.1"
description = "Module for decorators, wrappers and monkey patching."
category = "main"
optional = false
python-versions = "*"
files = [
    {file = "wrapt-1.12.1.tar.gz", hash = "sha256:b62ffa81fb85f4332a4f609cab4ac40709470da05643a082ec1eb88e6d9b97d7"},
]

[metadata]
lock-version = "2.0"
python-versions = "~3.8"
content-hash = "d7178371b0bd179135d1c049be7555cbf9b81b146e1058d377f4282e40741f63"
